{
  "name": "game-stream",
  "version": "1.0.0",
  "lockfileVersion": 3,
  "requires": true,
  "packages": {
    "": {
      "name": "game-stream",
      "version": "1.0.0",
      "license": "ISC",
      "dependencies": {
        "@laihoe/demoparser2": "^0.40.2",
        "obs-websocket-js": "^5.0.6"
      }
    },
    "node_modules/@laihoe/demoparser2": {
      "version": "0.40.2",
      "resolved": "https://registry.npmjs.org/@laihoe/demoparser2/-/demoparser2-0.40.2.tgz",
      "integrity": "sha512-P6soTahrJwyygqzv+Bgt8jrHYQT+gwGLgGuz90Ox+9VIX7yEaml98fAH9EyAuQrwPJe8UhNfzCua66NtX5zxzA==",
      "license": "MIT",
      "engines": {
        "node": ">= 10"
      },
      "optionalDependencies": {
        "@laihoe/demoparser2-android-arm-eabi": "0.40.2",
        "@laihoe/demoparser2-android-arm64": "0.40.2",
        "@laihoe/demoparser2-darwin-arm64": "0.40.2",
        "@laihoe/demoparser2-darwin-universal": "0.40.2",
        "@laihoe/demoparser2-darwin-x64": "0.40.2",
        "@laihoe/demoparser2-freebsd-x64": "0.40.2",
        "@laihoe/demoparser2-linux-arm-gnueabihf": "0.40.2",
        "@laihoe/demoparser2-linux-arm64-gnu": "0.40.2",
        "@laihoe/demoparser2-linux-arm64-musl": "0.40.2",
        "@laihoe/demoparser2-linux-x64-gnu": "0.40.2",
        "@laihoe/demoparser2-linux-x64-musl": "0.40.2",
        "@laihoe/demoparser2-win32-arm64-msvc": "0.40.2",
        "@laihoe/demoparser2-win32-ia32-msvc": "0.40.2",
        "@laihoe/demoparser2-win32-x64-msvc": "0.40.2"
      }
    },
    "node_modules/@laihoe/demoparser2-android-arm-eabi": {
      "version": "0.40.2",
      "resolved": "https://registry.npmjs.org/@laihoe/demoparser2-android-arm-eabi/-/demoparser2-android-arm-eabi-0.40.2.tgz",
      "integrity": "sha512-ute1VaZUapNwkZbViSiCXCzb7QBTv05+3Jw5wIAyS8OPhG6A6sux7srz9lE1khd6C0ZLXM7Ypepmio6mcs79jw==",
      "cpu": [
        "arm"
      ],
      "license": "MIT",
      "optional": true,
      "os": [
        "android"
      ],
      "engines": {
        "node": ">= 10"
      }
    },
    "node_modules/@laihoe/demoparser2-android-arm64": {
      "version": "0.40.2",
      "resolved": "https://registry.npmjs.org/@laihoe/demoparser2-android-arm64/-/demoparser2-android-arm64-0.40.2.tgz",
      "integrity": "sha512-DTyjJuoF2l9R12q4kIauYYMguIZLGgPnMAu/1RjvXzuvdwqsJ8XsGM2LnifwU3yfgSn8+8DIqfoSr48QtkbEYQ==",
      "cpu": [
        "arm64"
      ],
      "license": "MIT",
      "optional": true,
      "os": [
        "android"
      ],
      "engines": {
        "node": ">= 10"
      }
    },
    "node_modules/@laihoe/demoparser2-darwin-arm64": {
      "version": "0.40.2",
      "resolved": "https://registry.npmjs.org/@laihoe/demoparser2-darwin-arm64/-/demoparser2-darwin-arm64-0.40.2.tgz",
      "integrity": "sha512-gS6mxc+og94zBGoGRCLwLuUGy/2XA5cbUN9Cqe0LKU8dlhc6uD4Zqc8pYCxOdaRmQQrGst5u82Tc54tZZqlsYw==",
      "cpu": [
        "arm64"
      ],
      "license": "MIT",
      "optional": true,
      "os": [
        "darwin"
      ],
      "engines": {
        "node": ">= 10"
      }
    },
    "node_modules/@laihoe/demoparser2-linux-arm-gnueabihf": {
      "version": "0.40.2",
      "resolved": "https://registry.npmjs.org/@laihoe/demoparser2-linux-arm-gnueabihf/-/demoparser2-linux-arm-gnueabihf-0.40.2.tgz",
      "integrity": "sha512-7cCT12FLYrVOVwwMfZ3GBtgGyjvLPlxtgOXSVcnqKBvB94/HnpTPrQGQkdhQaomUQlG3HgmNw0F4O8faZavgsA==",
      "cpu": [
        "arm"
      ],
      "license": "MIT",
      "optional": true,
      "os": [
        "linux"
      ],
      "engines": {
        "node": ">= 10"
      }
    },
    "node_modules/@laihoe/demoparser2-linux-arm64-gnu": {
      "version": "0.40.2",
      "resolved": "https://registry.npmjs.org/@laihoe/demoparser2-linux-arm64-gnu/-/demoparser2-linux-arm64-gnu-0.40.2.tgz",
      "integrity": "sha512-1MZgP/cZpzEqxqja66D0xL/9RBmlAz61DmM4TheExXApmfwoYBw7Few28I8CZJmOWbnh2ozyOwgQVKzq9iX6XQ==",
      "cpu": [
        "arm64"
      ],
      "license": "MIT",
      "optional": true,
      "os": [
        "linux"
      ],
      "engines": {
        "node": ">= 10"
      }
    },
    "node_modules/@laihoe/demoparser2-linux-arm64-musl": {
      "version": "0.40.2",
      "resolved": "https://registry.npmjs.org/@laihoe/demoparser2-linux-arm64-musl/-/demoparser2-linux-arm64-musl-0.40.2.tgz",
      "integrity": "sha512-ShVi2IZ50uOLzvpGDH9vLSlcL8+Bw/4mqEFAyuSxr0WAm5tTYR1sQYMiuUO8ASpRUeleeaopdPap0fCuz75oqg==",
      "cpu": [
        "arm64"
      ],
      "license": "MIT",
      "optional": true,
      "os": [
        "linux"
      ],
      "engines": {
        "node": ">= 10"
      }
    },
    "node_modules/@laihoe/demoparser2-linux-x64-gnu": {
      "version": "0.40.2",
      "resolved": "https://registry.npmjs.org/@laihoe/demoparser2-linux-x64-gnu/-/demoparser2-linux-x64-gnu-0.40.2.tgz",
      "integrity": "sha512-bhwY50dek+UMsWn4RfuT+MagRxTnbu0fMkttX+F7ma5ly9FcjFRdaJF4Xpzy0jj+DoIEJCW762k/M0cLsd3BNA==",
      "cpu": [
        "x64"
      ],
      "license": "MIT",
      "optional": true,
      "os": [
        "linux"
      ],
      "engines": {
        "node": ">= 10"
      }
    },
    "node_modules/@laihoe/demoparser2-linux-x64-musl": {
      "version": "0.40.2",
      "resolved": "https://registry.npmjs.org/@laihoe/demoparser2-linux-x64-musl/-/demoparser2-linux-x64-musl-0.40.2.tgz",
      "integrity": "sha512-a1CDu33UWyitIxAzZUbEUXJpEmemERwnF71/tSdgS+DrQHIp0KN5ommE5kBxEuQofFDWQi7zCXso/WmRTnzQmg==",
      "cpu": [
        "x64"
      ],
      "license": "MIT",
      "optional": true,
      "os": [
        "linux"
      ],
      "engines": {
        "node": ">= 10"
      }
    },
    "node_modules/@laihoe/demoparser2-win32-arm64-msvc": {
      "version": "0.40.2",
      "resolved": "https://registry.npmjs.org/@laihoe/demoparser2-win32-arm64-msvc/-/demoparser2-win32-arm64-msvc-0.40.2.tgz",
      "integrity": "sha512-36hzsKirx46WMkeNJv2LiF/d2I8PkosNp1b1WaRK0REsJIm446O4hBeRlQOyGLhad5/ITl/d4SSnDjdBp1MIYg==",
      "cpu": [
        "arm64"
      ],
      "license": "MIT",
      "optional": true,
      "os": [
        "win32"
      ],
      "engines": {
        "node": ">= 10"
      }
    },
    "node_modules/@laihoe/demoparser2-win32-x64-msvc": {
      "version": "0.40.2",
      "resolved": "https://registry.npmjs.org/@laihoe/demoparser2-win32-x64-msvc/-/demoparser2-win32-x64-msvc-0.40.2.tgz",
      "integrity": "sha512-EXtAbo6Vkjdud3MKJtcYyeQ8xuZWaibi3ZwuG2jlbjsHCJoDVAe0UtqDwSG/uT8zTHf10Htm68nn/1ok63X7pg==",
      "cpu": [
        "x64"
      ],
      "license": "MIT",
      "optional": true,
      "os": [
        "win32"
      ],
      "engines": {
        "node": ">= 10"
      }
    },
    "node_modules/@msgpack/msgpack": {
      "version": "2.8.0",
      "resolved": "https://registry.npmjs.org/@msgpack/msgpack/-/msgpack-2.8.0.tgz",
      "integrity": "sha512-h9u4u/jiIRKbq25PM+zymTyW6bhTzELvOoUd+AvYriWOAKpLGnIamaET3pnHYoI5iYphAHBI4ayx0MehR+VVPQ==",
      "license": "ISC",
      "engines": {
        "node": ">= 10"
      }
    },
    "node_modules/crypto-js": {
      "version": "4.2.0",
      "resolved": "https://registry.npmjs.org/crypto-js/-/crypto-js-4.2.0.tgz",
      "integrity": "sha512-KALDyEYgpY+Rlob/iriUtjV6d5Eq+Y191A5g4UqLAi8CyGP9N1+FdVbkc1SxKc2r4YAYqG8JzO2KGL+AizD70Q==",
      "license": "MIT"
    },
    "node_modules/debug": {
      "version": "4.4.3",
      "resolved": "https://registry.npmjs.org/debug/-/debug-4.4.3.tgz",
      "integrity": "sha512-RGwwWnwQvkVfavKVt22FGLw+xYSdzARwm0ru6DhTVA3umU5hZc28V3kO4stgYryrTlLpuvgI9GiijltAjNbcqA==",
      "license": "MIT",
      "dependencies": {
        "ms": "^2.1.3"
      },
      "engines": {
        "node": ">=6.0"
      },
      "peerDependenciesMeta": {
        "supports-color": {
          "optional": true
        }
      }
    },
    "node_modules/eventemitter3": {
      "version": "5.0.1",
      "resolved": "https://registry.npmjs.org/eventemitter3/-/eventemitter3-5.0.1.tgz",
      "integrity": "sha512-GWkBvjiSZK87ELrYOSESUYeVIc9mvLLf/nXalMOS5dYrgZq9o5OVkbZAVM06CVxYsCwH9BDZFPlQTlPA1j4ahA==",
      "license": "MIT"
    },
    "node_modules/isomorphic-ws": {
      "version": "5.0.0",
      "resolved": "https://registry.npmjs.org/isomorphic-ws/-/isomorphic-ws-5.0.0.tgz",
      "integrity": "sha512-muId7Zzn9ywDsyXgTIafTry2sV3nySZeUDe6YedVd1Hvuuep5AsIlqK+XefWpYTyJG5e503F2xIuT2lcU6rCSw==",
      "license": "MIT",
      "peerDependencies": {
        "ws": "*"
      }
    },
    "node_modules/ms": {
      "version": "2.1.3",
      "resolved": "https://registry.npmjs.org/ms/-/ms-2.1.3.tgz",
      "integrity": "sha512-6FlzubTLZG3J2a/NVCAleEhjzq5oxgHyaCU9yYXvcLsvoVaHJq/s5xXI6/XXP6tz7R9xAOtHnSO/tXtF3WRTlA==",
      "license": "MIT"
    },
    "node_modules/obs-websocket-js": {
      "version": "5.0.7",
      "resolved": "https://registry.npmjs.org/obs-websocket-js/-/obs-websocket-js-5.0.7.tgz",
      "integrity": "sha512-SdSNSyrLVR6F0ogInKr7qcadV1tYaTUse/vbabxjkUL8hU3P3dyifxkZ7pEkDDrtCp3TkQ53Enx23kgZO0Cjcw==",
      "license": "MIT",
      "dependencies": {
        "@msgpack/msgpack": "^2.7.1",
        "crypto-js": "^4.1.1",
        "debug": "^4.3.2",
        "eventemitter3": "^5.0.1",
        "isomorphic-ws": "^5.0.0",
        "type-fest": "^3.11.0",
        "ws": "^8.13.0"
      },
      "engines": {
        "node": ">16.0"
      }
    },
    "node_modules/type-fest": {
      "version": "3.13.1",
      "resolved": "https://registry.npmjs.org/type-fest/-/type-fest-3.13.1.tgz",
      "integrity": "sha512-tLq3bSNx+xSpwvAJnzrK0Ep5CLNWjvFTOp71URMaAEWBfRb9nnJiBoUe0tF8bI4ZFO3omgBR6NvnbzVUT3Ly4g==",
      "license": "(MIT OR CC0-1.0)",
      "engines": {
        "node": ">=14.16"
      },
      "funding": {
        "url": "https://github.com/sponsors/sindresorhus"
      }
    },
    "node_modules/ws": {
      "version": "8.18.3",
      "resolved": "https://registry.npmjs.org/ws/-/ws-8.18.3.tgz",
      "integrity": "sha512-PEIGCY5tSlUt50cqyMXfCzX+oOPqN0vuGqWzbcJ2xvnkzkq46oOpz7dQaTDBdfICb4N14+GARUDw2XV2N4tvzg==",
      "license": "MIT",
      "engines": {
        "node": ">=10.0.0"
      },
      "peerDependencies": {
        "bufferutil": "^4.0.1",
        "utf-8-validate": ">=5.0.2"
      },
      "peerDependenciesMeta": {
        "bufferutil": {
          "optional": true
        },
        "utf-8-validate": {
          "optional": true
        }
      }
    }
  }
}
